
Microsoft Visual Studio Solution File, Format Version 12.00
# Visual Studio Version 17
VisualStudioVersion = 17.8.34309.116
MinimumVisualStudioVersion = 10.0.40219.1
Project("{FAE04EC0-301F-11D3-BF4B-00C04F79EFBC}") = "Assignment2", "Assignment2\Assignment2.csproj", "{84741485-AAB3-4AE2-B64D-1E495429413F}"
EndProject
Global
	GlobalSection(SolutionConfigurationPlatforms) = preSolution
		Debug|Any CPU = Debug|Any CPU
		Release|Any CPU = Release|Any CPU
	EndGlobalSection
	GlobalSection(ProjectConfigurationPlatforms) = postSolution
		{84741485-AAB3-4AE2-B64D-1E495429413F}.Debug|Any CPU.ActiveCfg = Debug|Any CPU
		{84741485-AAB3-4AE2-B64D-1E495429413F}.Debug|Any CPU.Build.0 = Debug|Any CPU
		{84741485-AAB3-4AE2-B64D-1E495429413F}.Release|Any CPU.ActiveCfg = Release|Any CPU
		{84741485-AAB3-4AE2-B64D-1E495429413F}.Release|Any CPU.Build.0 = Release|Any CPU
	EndGlobalSection
	GlobalSection(SolutionProperties) = preSolution
		HideSolutionNode = FALSE
	EndGlobalSection
	GlobalSection(ExtensibilityGlobals) = postSolution
		SolutionGuid = {ED620031-BF35-4DDD-B2A5-9FCCE5990910}
	EndGlobalSection
EndGlobal
